
Microsoft Visual Studio Solution File, Format Version 12.00
# Visual Studio Version 17
VisualStudioVersion = 17.7.34031.279
MinimumVisualStudioVersion = 10.0.40219.1
Project("{C9674DCB-5085-4A16-B785-4C70DD1589BD}") = "Proj_2", "Proj_2\Proj_2.dtproj", "{BC19B937-4322-4EB8-BF11-277592C35588}"
EndProject
Global
	GlobalSection(SolutionConfigurationPlatforms) = preSolution
		Development|Default = Development|Default
	EndGlobalSection
	GlobalSection(ProjectConfigurationPlatforms) = postSolution
		{BC19B937-4322-4EB8-BF11-277592C35588}.Development|Default.ActiveCfg = Development
		{BC19B937-4322-4EB8-BF11-277592C35588}.Development|Default.Build.0 = Development
	EndGlobalSection
	GlobalSection(SolutionProperties) = preSolution
		HideSolutionNode = FALSE
	EndGlobalSection
	GlobalSection(ExtensibilityGlobals) = postSolution
		SolutionGuid = {32D94C73-DC36-45FD-86DD-2310DC4C5BF8}
	EndGlobalSection
EndGlobal
